
Microsoft Visual Studio Solution File, Format Version 12.00
# Visual Studio Version 17
VisualStudioVersion = 17.10.35027.167
MinimumVisualStudioVersion = 10.0.40219.1
Project("{9A19103F-16F7-4668-BE54-9A1E7A4F7556}") = "KPO_BHT_1", "KPO_BHT_1\KPO_BHT_1.csproj", "{60AC039F-E7C5-42AE-9602-2846EEF040A2}"
	ProjectSection(ProjectDependencies) = postProject
		{1D6157BD-57B4-4674-9DD0-2132441B6DCB} = {1D6157BD-57B4-4674-9DD0-2132441B6DCB}
		{74A88ED3-CD0D-457A-AD44-C5C52360614F} = {74A88ED3-CD0D-457A-AD44-C5C52360614F}
	EndProjectSection
EndProject
Project("{9A19103F-16F7-4668-BE54-9A1E7A4F7556}") = "Tests", "Tests\Tests.csproj", "{74A88ED3-CD0D-457A-AD44-C5C52360614F}"
EndProject
Project("{9A19103F-16F7-4668-BE54-9A1E7A4F7556}") = "Library", "Library\Library.csproj", "{1D6157BD-57B4-4674-9DD0-2132441B6DCB}"
EndProject
Global
	GlobalSection(SolutionConfigurationPlatforms) = preSolution
		Debug|Any CPU = Debug|Any CPU
		Release|Any CPU = Release|Any CPU
	EndGlobalSection
	GlobalSection(ProjectConfigurationPlatforms) = postSolution
		{60AC039F-E7C5-42AE-9602-2846EEF040A2}.Debug|Any CPU.ActiveCfg = Debug|Any CPU
		{60AC039F-E7C5-42AE-9602-2846EEF040A2}.Debug|Any CPU.Build.0 = Debug|Any CPU
		{60AC039F-E7C5-42AE-9602-2846EEF040A2}.Release|Any CPU.ActiveCfg = Release|Any CPU
		{60AC039F-E7C5-42AE-9602-2846EEF040A2}.Release|Any CPU.Build.0 = Release|Any CPU
		{74A88ED3-CD0D-457A-AD44-C5C52360614F}.Debug|Any CPU.ActiveCfg = Debug|Any CPU
		{74A88ED3-CD0D-457A-AD44-C5C52360614F}.Debug|Any CPU.Build.0 = Debug|Any CPU
		{74A88ED3-CD0D-457A-AD44-C5C52360614F}.Release|Any CPU.ActiveCfg = Release|Any CPU
		{74A88ED3-CD0D-457A-AD44-C5C52360614F}.Release|Any CPU.Build.0 = Release|Any CPU
		{1D6157BD-57B4-4674-9DD0-2132441B6DCB}.Debug|Any CPU.ActiveCfg = Debug|Any CPU
		{1D6157BD-57B4-4674-9DD0-2132441B6DCB}.Debug|Any CPU.Build.0 = Debug|Any CPU
		{1D6157BD-57B4-4674-9DD0-2132441B6DCB}.Release|Any CPU.ActiveCfg = Release|Any CPU
		{1D6157BD-57B4-4674-9DD0-2132441B6DCB}.Release|Any CPU.Build.0 = Release|Any CPU
	EndGlobalSection
	GlobalSection(SolutionProperties) = preSolution
		HideSolutionNode = FALSE
	EndGlobalSection
	GlobalSection(ExtensibilityGlobals) = postSolution
		SolutionGuid = {4157E6DF-67D5-4FD1-BD93-DC5E3545D943}
	EndGlobalSection
EndGlobal
